{"is_source_file": false, "format": "", "description": "", "external_files": [], "external_methods": [], "published": [], "classes": [], "methods": [], "calls": [], "search-terms": [], "state": 2, "file_id": 55, "knowledge_revision": 197, "git_revision": "", "hash": "ddde6eb6ea61f5699d40223cf3d21472", "format-version": 4, "code-base-name": "default", "filename": "financeease/macos/Runner.xcodeproj/project.pbxproj", "revision_history": [{"197": ""}]}