{"is_source_file": false, "format": "", "description": "", "external_files": [], "external_methods": [], "published": [], "classes": [], "methods": [], "calls": [], "search-terms": [], "state": 2, "file_id": 16, "knowledge_revision": 153, "git_revision": "", "hash": "3cb1b5d6368bd759b45af4ee444f533e", "format-version": 4, "code-base-name": "default", "filename": "financeease/ios/Runner.xcodeproj/project.pbxproj", "revision_history": [{"153": ""}]}